
Microsoft Visual Studio Solution File, Format Version 12.00
# Visual Studio Version 16
VisualStudioVersion = 16.0.30204.135
MinimumVisualStudioVersion = 10.0.40219.1
Project("{9A19103F-16F7-4668-BE54-9A1E7A4F7556}") = "Backlight", "BackLight\Backlight.csproj", "{A55F63C8-610D-412C-81FB-B4C05646FE9A}"
EndProject
Project("{9A19103F-16F7-4668-BE54-9A1E7A4F7556}") = "Backlight.Sample.Web.Api", "BackLight.Sample.Web.Api\Backlight.Sample.Web.Api.csproj", "{E6D6E8AD-709D-491B-9CA8-BB576C09CFEA}"
EndProject
Project("{FAE04EC0-301F-11D3-BF4B-00C04F79EFBC}") = "Backlight.Test", "Backlight.Test\Backlight.Test.csproj", "{7AB841C2-454E-458C-8F5C-9AC61812B599}"
EndProject
Global
	GlobalSection(SolutionConfigurationPlatforms) = preSolution
		Debug|Any CPU = Debug|Any CPU
		Release|Any CPU = Release|Any CPU
	EndGlobalSection
	GlobalSection(ProjectConfigurationPlatforms) = postSolution
		{A55F63C8-610D-412C-81FB-B4C05646FE9A}.Debug|Any CPU.ActiveCfg = Debug|Any CPU
		{A55F63C8-610D-412C-81FB-B4C05646FE9A}.Debug|Any CPU.Build.0 = Debug|Any CPU
		{A55F63C8-610D-412C-81FB-B4C05646FE9A}.Release|Any CPU.ActiveCfg = Release|Any CPU
		{A55F63C8-610D-412C-81FB-B4C05646FE9A}.Release|Any CPU.Build.0 = Release|Any CPU
		{E6D6E8AD-709D-491B-9CA8-BB576C09CFEA}.Debug|Any CPU.ActiveCfg = Debug|Any CPU
		{E6D6E8AD-709D-491B-9CA8-BB576C09CFEA}.Debug|Any CPU.Build.0 = Debug|Any CPU
		{E6D6E8AD-709D-491B-9CA8-BB576C09CFEA}.Release|Any CPU.ActiveCfg = Release|Any CPU
		{E6D6E8AD-709D-491B-9CA8-BB576C09CFEA}.Release|Any CPU.Build.0 = Release|Any CPU
		{7AB841C2-454E-458C-8F5C-9AC61812B599}.Debug|Any CPU.ActiveCfg = Debug|Any CPU
		{7AB841C2-454E-458C-8F5C-9AC61812B599}.Debug|Any CPU.Build.0 = Debug|Any CPU
		{7AB841C2-454E-458C-8F5C-9AC61812B599}.Release|Any CPU.ActiveCfg = Release|Any CPU
		{7AB841C2-454E-458C-8F5C-9AC61812B599}.Release|Any CPU.Build.0 = Release|Any CPU
	EndGlobalSection
	GlobalSection(SolutionProperties) = preSolution
		HideSolutionNode = FALSE
	EndGlobalSection
	GlobalSection(ExtensibilityGlobals) = postSolution
		SolutionGuid = {B548E1BB-0C1C-494F-9A6B-1570BFACCDFA}
	EndGlobalSection
EndGlobal
