# THIS IS AN AUTOGENERATED FILE. DO NOT EDIT THIS FILE DIRECTLY.
# yarn lockfile v1


backlight-ui-dist@1.0.7:
  version "1.0.7"
  resolved "https://registry.yarnpkg.com/backlight-ui-dist/-/backlight-ui-dist-1.0.7.tgz#25fb58a41395898ce00985ba37a749d90108d25f"
  integrity sha512-V+2hclMWAypKjWATIKYynWAxgYfEYFPn/jfL1tMq74q3HCDR2g87sxZXWqEEB34xQVaja93w6JgG3EjewHjBZQ==
