# THIS IS AN AUTOGENERATED FILE. DO NOT EDIT THIS FILE DIRECTLY.
# yarn lockfile v1


backlight-ui-dist@1.0.8:
  version "1.0.8"
  resolved "https://registry.yarnpkg.com/backlight-ui-dist/-/backlight-ui-dist-1.0.8.tgz#c2c3051f6ed63b7606863a2fead948a5ef4b98ec"
  integrity sha512-vu8Y9f+o+uA83nBPaH2ej+FcRP4TxarFfi8Xrc8HYoC/yVjFj/6FOZljUfC7ccum0bMntWf+1vOuUelI2EwBeA==
