# THIS IS AN AUTOGENERATED FILE. DO NOT EDIT THIS FILE DIRECTLY.
# yarn lockfile v1


backlight-ui-dist@1.0.5:
  version "1.0.5"
  resolved "https://registry.yarnpkg.com/backlight-ui-dist/-/backlight-ui-dist-1.0.5.tgz#c97828b97e16ff70a391655478eb39efe73ff0b9"
  integrity sha512-H0/8BuoDl+T0Kf3RwPgQWzMGxQ8Ys5DGGNkGm/p9OG+8Qdpn+/vRwCmU+PtxF+TozrDk0MduqCJTx8waqmZ3/g==
