# THIS IS AN AUTOGENERATED FILE. DO NOT EDIT THIS FILE DIRECTLY.
# yarn lockfile v1


swagger-ui-dist@3.26.0:
  version "3.26.0"
  resolved "https://registry.yarnpkg.com/swagger-ui-dist/-/swagger-ui-dist-3.26.0.tgz#6dccd492bf9c97fe508d8438c754991277a6164f"
  integrity sha512-z58RlRUk//dTg6jwgFBVv0JNyfDpoRNUgEyoA9cRheNvUuklMTKMY3hgDfXSZpmnGgZEG8iA/SAZGE56hvRuug==
