# THIS IS AN AUTOGENERATED FILE. DO NOT EDIT THIS FILE DIRECTLY.
# yarn lockfile v1


backlight-ui-dist@1.0.2:
  version "1.0.2"
  resolved "https://registry.yarnpkg.com/backlight-ui-dist/-/backlight-ui-dist-1.0.2.tgz#0d49866e0d1d852b01ec16a68a194b08300ec018"
  integrity sha512-4iYtx9i1jOU/mUhi8WQpqagYtrRZNbun0ybgYX/y7akO4xzpDupBrs/EyXxPbpc97AXX66H13zJYxjgvEe6/1Q==
